
Microsoft Visual Studio Solution File, Format Version 12.00
# Visual Studio Version 17
VisualStudioVersion = 17.1.32210.238
MinimumVisualStudioVersion = 10.0.40219.1
Project("{FAE04EC0-301F-11D3-BF4B-00C04F79EFBC}") = "AS2122_4H_INF_GruppoA_PrestitiBancari", "AS2122_4H_INF_GruppoA_PrestitiBancari\AS2122_4H_INF_GruppoA_PrestitiBancari.csproj", "{FE8B493A-AF1A-4FE7-9254-84349D643ADF}"
EndProject
Project("{FAE04EC0-301F-11D3-BF4B-00C04F79EFBC}") = "PrestitiDLL", "PrestitiDLL\PrestitiDLL.csproj", "{AD097213-4A7F-4261-84E0-F5C195715F7B}"
EndProject
Global
	GlobalSection(SolutionConfigurationPlatforms) = preSolution
		Debug|Any CPU = Debug|Any CPU
		Release|Any CPU = Release|Any CPU
	EndGlobalSection
	GlobalSection(ProjectConfigurationPlatforms) = postSolution
		{FE8B493A-AF1A-4FE7-9254-84349D643ADF}.Debug|Any CPU.ActiveCfg = Debug|Any CPU
		{FE8B493A-AF1A-4FE7-9254-84349D643ADF}.Debug|Any CPU.Build.0 = Debug|Any CPU
		{FE8B493A-AF1A-4FE7-9254-84349D643ADF}.Release|Any CPU.ActiveCfg = Release|Any CPU
		{FE8B493A-AF1A-4FE7-9254-84349D643ADF}.Release|Any CPU.Build.0 = Release|Any CPU
		{AD097213-4A7F-4261-84E0-F5C195715F7B}.Debug|Any CPU.ActiveCfg = Debug|Any CPU
		{AD097213-4A7F-4261-84E0-F5C195715F7B}.Debug|Any CPU.Build.0 = Debug|Any CPU
		{AD097213-4A7F-4261-84E0-F5C195715F7B}.Release|Any CPU.ActiveCfg = Release|Any CPU
		{AD097213-4A7F-4261-84E0-F5C195715F7B}.Release|Any CPU.Build.0 = Release|Any CPU
	EndGlobalSection
	GlobalSection(SolutionProperties) = preSolution
		HideSolutionNode = FALSE
	EndGlobalSection
	GlobalSection(ExtensibilityGlobals) = postSolution
		SolutionGuid = {C0BF0834-48DF-41E6-90CF-B761382E083C}
	EndGlobalSection
EndGlobal
